
Microsoft Visual Studio Solution File, Format Version 12.00
# Visual Studio 14
VisualStudioVersion = 14.0.25420.1
MinimumVisualStudioVersion = 10.0.40219.1
Project("{FAE04EC0-301F-11D3-BF4B-00C04F79EFBC}") = "TP3", "TP3\TP3.csproj", "{05E74E1E-87EF-4787-A050-C76B1DAFC948}"
EndProject
Project("{FAE04EC0-301F-11D3-BF4B-00C04F79EFBC}") = "TestTP3", "TestTP3\TestTP3.csproj", "{4587B7D0-F47C-4422-900E-8F7EB7F082D6}"
EndProject
Global
	GlobalSection(SolutionConfigurationPlatforms) = preSolution
		Debug|Any CPU = Debug|Any CPU
		Release|Any CPU = Release|Any CPU
	EndGlobalSection
	GlobalSection(ProjectConfigurationPlatforms) = postSolution
		{05E74E1E-87EF-4787-A050-C76B1DAFC948}.Debug|Any CPU.ActiveCfg = Debug|Any CPU
		{05E74E1E-87EF-4787-A050-C76B1DAFC948}.Debug|Any CPU.Build.0 = Debug|Any CPU
		{05E74E1E-87EF-4787-A050-C76B1DAFC948}.Release|Any CPU.ActiveCfg = Release|Any CPU
		{05E74E1E-87EF-4787-A050-C76B1DAFC948}.Release|Any CPU.Build.0 = Release|Any CPU
		{4587B7D0-F47C-4422-900E-8F7EB7F082D6}.Debug|Any CPU.ActiveCfg = Debug|Any CPU
		{4587B7D0-F47C-4422-900E-8F7EB7F082D6}.Debug|Any CPU.Build.0 = Debug|Any CPU
		{4587B7D0-F47C-4422-900E-8F7EB7F082D6}.Release|Any CPU.ActiveCfg = Release|Any CPU
		{4587B7D0-F47C-4422-900E-8F7EB7F082D6}.Release|Any CPU.Build.0 = Release|Any CPU
	EndGlobalSection
	GlobalSection(SolutionProperties) = preSolution
		HideSolutionNode = FALSE
	EndGlobalSection
EndGlobal
